
Microsoft Visual Studio Solution File, Format Version 12.00
# Visual Studio Version 17
VisualStudioVersion = 17.8.34316.72
MinimumVisualStudioVersion = 10.0.40219.1
Project("{2150E333-8FDC-42A3-9474-1A3956D46DE8}") = "1 - Presentation", "1 - Presentation", "{95F02FEB-4F5E-4C35-8835-D03B6FFAABDE}"
EndProject
Project("{FAE04EC0-301F-11D3-BF4B-00C04F79EFBC}") = "FastMoneyTrack.API", "src\FastMoneyTrack.API\FastMoneyTrack.API.csproj", "{2BC128C8-9481-4458-80F7-C78C4802546A}"
EndProject
Global
	GlobalSection(SolutionConfigurationPlatforms) = preSolution
		Debug|Any CPU = Debug|Any CPU
		Release|Any CPU = Release|Any CPU
	EndGlobalSection
	GlobalSection(ProjectConfigurationPlatforms) = postSolution
		{2BC128C8-9481-4458-80F7-C78C4802546A}.Debug|Any CPU.ActiveCfg = Debug|Any CPU
		{2BC128C8-9481-4458-80F7-C78C4802546A}.Debug|Any CPU.Build.0 = Debug|Any CPU
		{2BC128C8-9481-4458-80F7-C78C4802546A}.Release|Any CPU.ActiveCfg = Release|Any CPU
		{2BC128C8-9481-4458-80F7-C78C4802546A}.Release|Any CPU.Build.0 = Release|Any CPU
	EndGlobalSection
	GlobalSection(SolutionProperties) = preSolution
		HideSolutionNode = FALSE
	EndGlobalSection
	GlobalSection(NestedProjects) = preSolution
		{2BC128C8-9481-4458-80F7-C78C4802546A} = {95F02FEB-4F5E-4C35-8835-D03B6FFAABDE}
	EndGlobalSection
	GlobalSection(ExtensibilityGlobals) = postSolution
		SolutionGuid = {5029AD04-FE98-4418-9752-9488EC695609}
	EndGlobalSection
EndGlobal
